{
  "name": "notif_log",
  "version": "1.0.0",
  "lockfileVersion": 3,
  "requires": true,
  "packages": {
    "": {
      "name": "notif_log",
      "version": "1.0.0",
      "license": "ISC",
      "dependencies": {
        "notif_log": "^1.0.0"
      }
    },
    "node_modules/notif_log": {
      "version": "1.0.0",
      "resolved": "https://registry.npmjs.org/notif_log/-/notif_log-1.0.0.tgz",
      "integrity": "sha512-8x7nymNuCbHQmXl1/A2HoSsJndEf1bq5HeEANBX9tPYCYpF75a3fY+MqjpamZx5OTmA/namIOm9OFHGb2YWDvA=="
    }
  }
}
